
Microsoft Visual Studio Solution File, Format Version 12.00
# Visual Studio Version 17
VisualStudioVersion = 17.5.33424.131
MinimumVisualStudioVersion = 10.0.40219.1
Project("{9A19103F-16F7-4668-BE54-9A1E7A4F7556}") = "ProjectAsPackageReference", "ProjectAsPackageReference\ProjectAsPackageReference.csproj", "{2BF1FB14-1F49-4F75-8C71-65494D64B560}"
EndProject
Project("{9A19103F-16F7-4668-BE54-9A1E7A4F7556}") = "TestPackage", "TestPackage\TestPackage.csproj", "{8660934B-16D8-44D7-9FF4-4E07B54C8D57}"
EndProject
Project("{FAE04EC0-301F-11D3-BF4B-00C04F79EFBC}") = "TestPackageUser", "TestPackageUser\TestPackageUser.csproj", "{42B4BE5B-DB09-4D35-B7FF-E549A40A200C}"
	ProjectSection(ProjectDependencies) = postProject
		{2BF1FB14-1F49-4F75-8C71-65494D64B560} = {2BF1FB14-1F49-4F75-8C71-65494D64B560}
	EndProjectSection
EndProject
Project("{FAE04EC0-301F-11D3-BF4B-00C04F79EFBC}") = "TestPackage2", "TestPackage2\TestPackage2.csproj", "{E731F507-6201-4A4A-B72A-98C3FEF84B9F}"
EndProject
Global
	GlobalSection(SolutionConfigurationPlatforms) = preSolution
		Debug|Any CPU = Debug|Any CPU
		Release|Any CPU = Release|Any CPU
	EndGlobalSection
	GlobalSection(ProjectConfigurationPlatforms) = postSolution
		{2BF1FB14-1F49-4F75-8C71-65494D64B560}.Debug|Any CPU.ActiveCfg = Debug|Any CPU
		{2BF1FB14-1F49-4F75-8C71-65494D64B560}.Debug|Any CPU.Build.0 = Debug|Any CPU
		{2BF1FB14-1F49-4F75-8C71-65494D64B560}.Release|Any CPU.ActiveCfg = Release|Any CPU
		{2BF1FB14-1F49-4F75-8C71-65494D64B560}.Release|Any CPU.Build.0 = Release|Any CPU
		{8660934B-16D8-44D7-9FF4-4E07B54C8D57}.Debug|Any CPU.ActiveCfg = Debug|Any CPU
		{8660934B-16D8-44D7-9FF4-4E07B54C8D57}.Debug|Any CPU.Build.0 = Debug|Any CPU
		{8660934B-16D8-44D7-9FF4-4E07B54C8D57}.Release|Any CPU.ActiveCfg = Release|Any CPU
		{8660934B-16D8-44D7-9FF4-4E07B54C8D57}.Release|Any CPU.Build.0 = Release|Any CPU
		{42B4BE5B-DB09-4D35-B7FF-E549A40A200C}.Debug|Any CPU.ActiveCfg = Debug|Any CPU
		{42B4BE5B-DB09-4D35-B7FF-E549A40A200C}.Debug|Any CPU.Build.0 = Debug|Any CPU
		{42B4BE5B-DB09-4D35-B7FF-E549A40A200C}.Release|Any CPU.ActiveCfg = Release|Any CPU
		{42B4BE5B-DB09-4D35-B7FF-E549A40A200C}.Release|Any CPU.Build.0 = Release|Any CPU
		{E731F507-6201-4A4A-B72A-98C3FEF84B9F}.Debug|Any CPU.ActiveCfg = Debug|Any CPU
		{E731F507-6201-4A4A-B72A-98C3FEF84B9F}.Debug|Any CPU.Build.0 = Debug|Any CPU
		{E731F507-6201-4A4A-B72A-98C3FEF84B9F}.Release|Any CPU.ActiveCfg = Release|Any CPU
		{E731F507-6201-4A4A-B72A-98C3FEF84B9F}.Release|Any CPU.Build.0 = Release|Any CPU
	EndGlobalSection
	GlobalSection(SolutionProperties) = preSolution
		HideSolutionNode = FALSE
	EndGlobalSection
	GlobalSection(ExtensibilityGlobals) = postSolution
		SolutionGuid = {3D0F78C5-8800-4989-9615-1CC96886ED39}
	EndGlobalSection
EndGlobal
